
Microsoft Visual Studio Solution File, Format Version 12.00
# Visual Studio 15
VisualStudioVersion = 15.0.27130.2024
MinimumVisualStudioVersion = 10.0.40219.1
Project("{9A19103F-16F7-4668-BE54-9A1E7A4F7556}") = "Wikiled.Text.Parser", "Wikiled.Text.Parser\Wikiled.Text.Parser.csproj", "{D6D7B331-8EC9-4C6C-85FB-84DAF2F7D842}"
EndProject
Project("{9A19103F-16F7-4668-BE54-9A1E7A4F7556}") = "Wikiled.Text.Parser.Tests", "Wikiled.Text.Parser.Tests\Wikiled.Text.Parser.Tests.csproj", "{6C99ADE4-C846-444B-A4BF-FB568F766827}"
EndProject
Global
	GlobalSection(SolutionConfigurationPlatforms) = preSolution
		Debug|Any CPU = Debug|Any CPU
		Release|Any CPU = Release|Any CPU
	EndGlobalSection
	GlobalSection(ProjectConfigurationPlatforms) = postSolution
		{D6D7B331-8EC9-4C6C-85FB-84DAF2F7D842}.Debug|Any CPU.ActiveCfg = Debug|Any CPU
		{D6D7B331-8EC9-4C6C-85FB-84DAF2F7D842}.Debug|Any CPU.Build.0 = Debug|Any CPU
		{D6D7B331-8EC9-4C6C-85FB-84DAF2F7D842}.Release|Any CPU.ActiveCfg = Release|Any CPU
		{D6D7B331-8EC9-4C6C-85FB-84DAF2F7D842}.Release|Any CPU.Build.0 = Release|Any CPU
		{6C99ADE4-C846-444B-A4BF-FB568F766827}.Debug|Any CPU.ActiveCfg = Debug|Any CPU
		{6C99ADE4-C846-444B-A4BF-FB568F766827}.Debug|Any CPU.Build.0 = Debug|Any CPU
		{6C99ADE4-C846-444B-A4BF-FB568F766827}.Release|Any CPU.ActiveCfg = Release|Any CPU
		{6C99ADE4-C846-444B-A4BF-FB568F766827}.Release|Any CPU.Build.0 = Release|Any CPU
	EndGlobalSection
	GlobalSection(SolutionProperties) = preSolution
		HideSolutionNode = FALSE
	EndGlobalSection
	GlobalSection(ExtensibilityGlobals) = postSolution
		SolutionGuid = {635F2295-F5D6-4362-8D98-D884522DFE57}
	EndGlobalSection
	GlobalSection(Performance) = preSolution
		HasPerformanceSessions = true
	EndGlobalSection
EndGlobal
